
Microsoft Visual Studio Solution File, Format Version 12.00
# Visual Studio Version 16
VisualStudioVersion = 16.0.29613.14
MinimumVisualStudioVersion = 10.0.40219.1
Project("{2150E333-8FDC-42A3-9474-1A3956D46DE8}") = "UserInterfaces", "UserInterfaces", "{347E5571-489F-4D12-B6E8-C7C8BE054330}"
EndProject
Project("{9A19103F-16F7-4668-BE54-9A1E7A4F7556}") = "ConsoleUi", "UserInterfaces\ConsoleUi\ConsoleUi.csproj", "{897C1ED7-6295-48D9-AA49-CD5A40E4BDF0}"
EndProject
Project("{FAE04EC0-301F-11D3-BF4B-00C04F79EFBC}") = "Core", "Core\Core.csproj", "{3F82A409-B426-4DE2-8622-BD35F921BA42}"
EndProject
Project("{2150E333-8FDC-42A3-9474-1A3956D46DE8}") = "Infrastructure", "Infrastructure", "{B8D269E2-035C-417E-BC20-53584DC9B829}"
EndProject
Project("{FAE04EC0-301F-11D3-BF4B-00C04F79EFBC}") = "Identity", "Infrastructure\Identity\Identity.csproj", "{7FB291DA-386E-49F8-A0DF-8C251B11D2E7}"
EndProject
Project("{FAE04EC0-301F-11D3-BF4B-00C04F79EFBC}") = "FeedRepository", "Infrastructure\FeedRepository\FeedRepository.csproj", "{80806208-6E80-4456-ADA8-DB1ABF3BEBD8}"
EndProject
Global
	GlobalSection(SolutionConfigurationPlatforms) = preSolution
		Debug|Any CPU = Debug|Any CPU
		Debug|iPhone = Debug|iPhone
		Debug|iPhoneSimulator = Debug|iPhoneSimulator
		Release|Any CPU = Release|Any CPU
		Release|iPhone = Release|iPhone
		Release|iPhoneSimulator = Release|iPhoneSimulator
	EndGlobalSection
	GlobalSection(ProjectConfigurationPlatforms) = postSolution
		{897C1ED7-6295-48D9-AA49-CD5A40E4BDF0}.Debug|Any CPU.ActiveCfg = Debug|Any CPU
		{897C1ED7-6295-48D9-AA49-CD5A40E4BDF0}.Debug|Any CPU.Build.0 = Debug|Any CPU
		{897C1ED7-6295-48D9-AA49-CD5A40E4BDF0}.Debug|iPhone.ActiveCfg = Debug|Any CPU
		{897C1ED7-6295-48D9-AA49-CD5A40E4BDF0}.Debug|iPhone.Build.0 = Debug|Any CPU
		{897C1ED7-6295-48D9-AA49-CD5A40E4BDF0}.Debug|iPhoneSimulator.ActiveCfg = Debug|Any CPU
		{897C1ED7-6295-48D9-AA49-CD5A40E4BDF0}.Debug|iPhoneSimulator.Build.0 = Debug|Any CPU
		{897C1ED7-6295-48D9-AA49-CD5A40E4BDF0}.Release|Any CPU.ActiveCfg = Release|Any CPU
		{897C1ED7-6295-48D9-AA49-CD5A40E4BDF0}.Release|Any CPU.Build.0 = Release|Any CPU
		{897C1ED7-6295-48D9-AA49-CD5A40E4BDF0}.Release|iPhone.ActiveCfg = Release|Any CPU
		{897C1ED7-6295-48D9-AA49-CD5A40E4BDF0}.Release|iPhone.Build.0 = Release|Any CPU
		{897C1ED7-6295-48D9-AA49-CD5A40E4BDF0}.Release|iPhoneSimulator.ActiveCfg = Release|Any CPU
		{897C1ED7-6295-48D9-AA49-CD5A40E4BDF0}.Release|iPhoneSimulator.Build.0 = Release|Any CPU
		{3F82A409-B426-4DE2-8622-BD35F921BA42}.Debug|Any CPU.ActiveCfg = Debug|Any CPU
		{3F82A409-B426-4DE2-8622-BD35F921BA42}.Debug|Any CPU.Build.0 = Debug|Any CPU
		{3F82A409-B426-4DE2-8622-BD35F921BA42}.Debug|iPhone.ActiveCfg = Debug|Any CPU
		{3F82A409-B426-4DE2-8622-BD35F921BA42}.Debug|iPhone.Build.0 = Debug|Any CPU
		{3F82A409-B426-4DE2-8622-BD35F921BA42}.Debug|iPhoneSimulator.ActiveCfg = Debug|Any CPU
		{3F82A409-B426-4DE2-8622-BD35F921BA42}.Debug|iPhoneSimulator.Build.0 = Debug|Any CPU
		{3F82A409-B426-4DE2-8622-BD35F921BA42}.Release|Any CPU.ActiveCfg = Release|Any CPU
		{3F82A409-B426-4DE2-8622-BD35F921BA42}.Release|Any CPU.Build.0 = Release|Any CPU
		{3F82A409-B426-4DE2-8622-BD35F921BA42}.Release|iPhone.ActiveCfg = Release|Any CPU
		{3F82A409-B426-4DE2-8622-BD35F921BA42}.Release|iPhone.Build.0 = Release|Any CPU
		{3F82A409-B426-4DE2-8622-BD35F921BA42}.Release|iPhoneSimulator.ActiveCfg = Release|Any CPU
		{3F82A409-B426-4DE2-8622-BD35F921BA42}.Release|iPhoneSimulator.Build.0 = Release|Any CPU
		{7FB291DA-386E-49F8-A0DF-8C251B11D2E7}.Debug|Any CPU.ActiveCfg = Debug|Any CPU
		{7FB291DA-386E-49F8-A0DF-8C251B11D2E7}.Debug|Any CPU.Build.0 = Debug|Any CPU
		{7FB291DA-386E-49F8-A0DF-8C251B11D2E7}.Debug|iPhone.ActiveCfg = Debug|Any CPU
		{7FB291DA-386E-49F8-A0DF-8C251B11D2E7}.Debug|iPhone.Build.0 = Debug|Any CPU
		{7FB291DA-386E-49F8-A0DF-8C251B11D2E7}.Debug|iPhoneSimulator.ActiveCfg = Debug|Any CPU
		{7FB291DA-386E-49F8-A0DF-8C251B11D2E7}.Debug|iPhoneSimulator.Build.0 = Debug|Any CPU
		{7FB291DA-386E-49F8-A0DF-8C251B11D2E7}.Release|Any CPU.ActiveCfg = Release|Any CPU
		{7FB291DA-386E-49F8-A0DF-8C251B11D2E7}.Release|Any CPU.Build.0 = Release|Any CPU
		{7FB291DA-386E-49F8-A0DF-8C251B11D2E7}.Release|iPhone.ActiveCfg = Release|Any CPU
		{7FB291DA-386E-49F8-A0DF-8C251B11D2E7}.Release|iPhone.Build.0 = Release|Any CPU
		{7FB291DA-386E-49F8-A0DF-8C251B11D2E7}.Release|iPhoneSimulator.ActiveCfg = Release|Any CPU
		{7FB291DA-386E-49F8-A0DF-8C251B11D2E7}.Release|iPhoneSimulator.Build.0 = Release|Any CPU
		{80806208-6E80-4456-ADA8-DB1ABF3BEBD8}.Debug|Any CPU.ActiveCfg = Debug|Any CPU
		{80806208-6E80-4456-ADA8-DB1ABF3BEBD8}.Debug|Any CPU.Build.0 = Debug|Any CPU
		{80806208-6E80-4456-ADA8-DB1ABF3BEBD8}.Debug|iPhone.ActiveCfg = Debug|Any CPU
		{80806208-6E80-4456-ADA8-DB1ABF3BEBD8}.Debug|iPhone.Build.0 = Debug|Any CPU
		{80806208-6E80-4456-ADA8-DB1ABF3BEBD8}.Debug|iPhoneSimulator.ActiveCfg = Debug|Any CPU
		{80806208-6E80-4456-ADA8-DB1ABF3BEBD8}.Debug|iPhoneSimulator.Build.0 = Debug|Any CPU
		{80806208-6E80-4456-ADA8-DB1ABF3BEBD8}.Release|Any CPU.ActiveCfg = Release|Any CPU
		{80806208-6E80-4456-ADA8-DB1ABF3BEBD8}.Release|Any CPU.Build.0 = Release|Any CPU
		{80806208-6E80-4456-ADA8-DB1ABF3BEBD8}.Release|iPhone.ActiveCfg = Release|Any CPU
		{80806208-6E80-4456-ADA8-DB1ABF3BEBD8}.Release|iPhone.Build.0 = Release|Any CPU
		{80806208-6E80-4456-ADA8-DB1ABF3BEBD8}.Release|iPhoneSimulator.ActiveCfg = Release|Any CPU
		{80806208-6E80-4456-ADA8-DB1ABF3BEBD8}.Release|iPhoneSimulator.Build.0 = Release|Any CPU
	EndGlobalSection
	GlobalSection(SolutionProperties) = preSolution
		HideSolutionNode = FALSE
	EndGlobalSection
	GlobalSection(NestedProjects) = preSolution
		{897C1ED7-6295-48D9-AA49-CD5A40E4BDF0} = {347E5571-489F-4D12-B6E8-C7C8BE054330}
		{7FB291DA-386E-49F8-A0DF-8C251B11D2E7} = {B8D269E2-035C-417E-BC20-53584DC9B829}
		{80806208-6E80-4456-ADA8-DB1ABF3BEBD8} = {B8D269E2-035C-417E-BC20-53584DC9B829}
	EndGlobalSection
	GlobalSection(ExtensibilityGlobals) = postSolution
		SolutionGuid = {8B18AC50-333E-4B93-8B07-CC67278F6636}
	EndGlobalSection
EndGlobal
