
Microsoft Visual Studio Solution File, Format Version 12.00
# Visual Studio Version 16
VisualStudioVersion = 16.0.29319.158
MinimumVisualStudioVersion = 10.0.40219.1
Project("{2150E333-8FDC-42A3-9474-1A3956D46DE8}") = "Core", "Core", "{321D99E6-79C9-4580-8996-8E1914F8A3ED}"
EndProject
Project("{FAE04EC0-301F-11D3-BF4B-00C04F79EFBC}") = "Domain", "Core\Domain\Domain.csproj", "{726548CB-A8AC-4FE8-B32D-A5177DFE005C}"
EndProject
Project("{FAE04EC0-301F-11D3-BF4B-00C04F79EFBC}") = "Application", "Core\Application\Application.csproj", "{300A2784-24CF-4BA2-A75D-DA0E913EC4F7}"
EndProject
Project("{2150E333-8FDC-42A3-9474-1A3956D46DE8}") = "Infrastructure", "Infrastructure", "{A93D3D9B-2B2A-4653-93F9-D9F6992E4A42}"
EndProject
Project("{FAE04EC0-301F-11D3-BF4B-00C04F79EFBC}") = "Identity", "Infrastructure\Identity\Identity.csproj", "{E61ACE64-FE90-4000-B537-0C770B072483}"
EndProject
Project("{FAE04EC0-301F-11D3-BF4B-00C04F79EFBC}") = "Repository", "Infrastructure\Repository\Repository.csproj", "{989D729C-6C05-4D8C-87C8-099E6AAC15CF}"
EndProject
Global
	GlobalSection(SolutionConfigurationPlatforms) = preSolution
		Debug|Any CPU = Debug|Any CPU
		Debug|iPhone = Debug|iPhone
		Debug|iPhoneSimulator = Debug|iPhoneSimulator
		Release|Any CPU = Release|Any CPU
		Release|iPhone = Release|iPhone
		Release|iPhoneSimulator = Release|iPhoneSimulator
	EndGlobalSection
	GlobalSection(ProjectConfigurationPlatforms) = postSolution
		{726548CB-A8AC-4FE8-B32D-A5177DFE005C}.Debug|Any CPU.ActiveCfg = Debug|Any CPU
		{726548CB-A8AC-4FE8-B32D-A5177DFE005C}.Debug|Any CPU.Build.0 = Debug|Any CPU
		{726548CB-A8AC-4FE8-B32D-A5177DFE005C}.Debug|iPhone.ActiveCfg = Debug|Any CPU
		{726548CB-A8AC-4FE8-B32D-A5177DFE005C}.Debug|iPhone.Build.0 = Debug|Any CPU
		{726548CB-A8AC-4FE8-B32D-A5177DFE005C}.Debug|iPhoneSimulator.ActiveCfg = Debug|Any CPU
		{726548CB-A8AC-4FE8-B32D-A5177DFE005C}.Debug|iPhoneSimulator.Build.0 = Debug|Any CPU
		{726548CB-A8AC-4FE8-B32D-A5177DFE005C}.Release|Any CPU.ActiveCfg = Release|Any CPU
		{726548CB-A8AC-4FE8-B32D-A5177DFE005C}.Release|Any CPU.Build.0 = Release|Any CPU
		{726548CB-A8AC-4FE8-B32D-A5177DFE005C}.Release|iPhone.ActiveCfg = Release|Any CPU
		{726548CB-A8AC-4FE8-B32D-A5177DFE005C}.Release|iPhone.Build.0 = Release|Any CPU
		{726548CB-A8AC-4FE8-B32D-A5177DFE005C}.Release|iPhoneSimulator.ActiveCfg = Release|Any CPU
		{726548CB-A8AC-4FE8-B32D-A5177DFE005C}.Release|iPhoneSimulator.Build.0 = Release|Any CPU
		{300A2784-24CF-4BA2-A75D-DA0E913EC4F7}.Debug|Any CPU.ActiveCfg = Debug|Any CPU
		{300A2784-24CF-4BA2-A75D-DA0E913EC4F7}.Debug|Any CPU.Build.0 = Debug|Any CPU
		{300A2784-24CF-4BA2-A75D-DA0E913EC4F7}.Debug|iPhone.ActiveCfg = Debug|Any CPU
		{300A2784-24CF-4BA2-A75D-DA0E913EC4F7}.Debug|iPhone.Build.0 = Debug|Any CPU
		{300A2784-24CF-4BA2-A75D-DA0E913EC4F7}.Debug|iPhoneSimulator.ActiveCfg = Debug|Any CPU
		{300A2784-24CF-4BA2-A75D-DA0E913EC4F7}.Debug|iPhoneSimulator.Build.0 = Debug|Any CPU
		{300A2784-24CF-4BA2-A75D-DA0E913EC4F7}.Release|Any CPU.ActiveCfg = Release|Any CPU
		{300A2784-24CF-4BA2-A75D-DA0E913EC4F7}.Release|Any CPU.Build.0 = Release|Any CPU
		{300A2784-24CF-4BA2-A75D-DA0E913EC4F7}.Release|iPhone.ActiveCfg = Release|Any CPU
		{300A2784-24CF-4BA2-A75D-DA0E913EC4F7}.Release|iPhone.Build.0 = Release|Any CPU
		{300A2784-24CF-4BA2-A75D-DA0E913EC4F7}.Release|iPhoneSimulator.ActiveCfg = Release|Any CPU
		{300A2784-24CF-4BA2-A75D-DA0E913EC4F7}.Release|iPhoneSimulator.Build.0 = Release|Any CPU
		{E61ACE64-FE90-4000-B537-0C770B072483}.Debug|Any CPU.ActiveCfg = Debug|Any CPU
		{E61ACE64-FE90-4000-B537-0C770B072483}.Debug|Any CPU.Build.0 = Debug|Any CPU
		{E61ACE64-FE90-4000-B537-0C770B072483}.Debug|iPhone.ActiveCfg = Debug|Any CPU
		{E61ACE64-FE90-4000-B537-0C770B072483}.Debug|iPhone.Build.0 = Debug|Any CPU
		{E61ACE64-FE90-4000-B537-0C770B072483}.Debug|iPhoneSimulator.ActiveCfg = Debug|Any CPU
		{E61ACE64-FE90-4000-B537-0C770B072483}.Debug|iPhoneSimulator.Build.0 = Debug|Any CPU
		{E61ACE64-FE90-4000-B537-0C770B072483}.Release|Any CPU.ActiveCfg = Release|Any CPU
		{E61ACE64-FE90-4000-B537-0C770B072483}.Release|Any CPU.Build.0 = Release|Any CPU
		{E61ACE64-FE90-4000-B537-0C770B072483}.Release|iPhone.ActiveCfg = Release|Any CPU
		{E61ACE64-FE90-4000-B537-0C770B072483}.Release|iPhone.Build.0 = Release|Any CPU
		{E61ACE64-FE90-4000-B537-0C770B072483}.Release|iPhoneSimulator.ActiveCfg = Release|Any CPU
		{E61ACE64-FE90-4000-B537-0C770B072483}.Release|iPhoneSimulator.Build.0 = Release|Any CPU
		{989D729C-6C05-4D8C-87C8-099E6AAC15CF}.Debug|Any CPU.ActiveCfg = Debug|Any CPU
		{989D729C-6C05-4D8C-87C8-099E6AAC15CF}.Debug|Any CPU.Build.0 = Debug|Any CPU
		{989D729C-6C05-4D8C-87C8-099E6AAC15CF}.Debug|iPhone.ActiveCfg = Debug|Any CPU
		{989D729C-6C05-4D8C-87C8-099E6AAC15CF}.Debug|iPhone.Build.0 = Debug|Any CPU
		{989D729C-6C05-4D8C-87C8-099E6AAC15CF}.Debug|iPhoneSimulator.ActiveCfg = Debug|Any CPU
		{989D729C-6C05-4D8C-87C8-099E6AAC15CF}.Debug|iPhoneSimulator.Build.0 = Debug|Any CPU
		{989D729C-6C05-4D8C-87C8-099E6AAC15CF}.Release|Any CPU.ActiveCfg = Release|Any CPU
		{989D729C-6C05-4D8C-87C8-099E6AAC15CF}.Release|Any CPU.Build.0 = Release|Any CPU
		{989D729C-6C05-4D8C-87C8-099E6AAC15CF}.Release|iPhone.ActiveCfg = Release|Any CPU
		{989D729C-6C05-4D8C-87C8-099E6AAC15CF}.Release|iPhone.Build.0 = Release|Any CPU
		{989D729C-6C05-4D8C-87C8-099E6AAC15CF}.Release|iPhoneSimulator.ActiveCfg = Release|Any CPU
		{989D729C-6C05-4D8C-87C8-099E6AAC15CF}.Release|iPhoneSimulator.Build.0 = Release|Any CPU
	EndGlobalSection
	GlobalSection(SolutionProperties) = preSolution
		HideSolutionNode = FALSE
	EndGlobalSection
	GlobalSection(NestedProjects) = preSolution
		{726548CB-A8AC-4FE8-B32D-A5177DFE005C} = {321D99E6-79C9-4580-8996-8E1914F8A3ED}
		{300A2784-24CF-4BA2-A75D-DA0E913EC4F7} = {321D99E6-79C9-4580-8996-8E1914F8A3ED}
		{E61ACE64-FE90-4000-B537-0C770B072483} = {A93D3D9B-2B2A-4653-93F9-D9F6992E4A42}
		{989D729C-6C05-4D8C-87C8-099E6AAC15CF} = {A93D3D9B-2B2A-4653-93F9-D9F6992E4A42}
	EndGlobalSection
	GlobalSection(ExtensibilityGlobals) = postSolution
		SolutionGuid = {3CB609D9-5D54-4C11-A371-DAAC8B74E430}
	EndGlobalSection
EndGlobal
